
Microsoft Visual Studio Solution File, Format Version 12.00
# Visual Studio 2012
Project("{FAE04EC0-301F-11D3-BF4B-00C04F79EFBC}") = "PracticeApp", "PracticeApp\PracticeApp.csproj", "{A65BD498-E6C2-4C71-AB42-ECAD0AA0C647}"
EndProject
Global
	GlobalSection(SolutionConfigurationPlatforms) = preSolution
		Debug|Any CPU = Debug|Any CPU
		Release|Any CPU = Release|Any CPU
	EndGlobalSection
	GlobalSection(ProjectConfigurationPlatforms) = postSolution
		{A65BD498-E6C2-4C71-AB42-ECAD0AA0C647}.Debug|Any CPU.ActiveCfg = Debug|Any CPU
		{A65BD498-E6C2-4C71-AB42-ECAD0AA0C647}.Debug|Any CPU.Build.0 = Debug|Any CPU
		{A65BD498-E6C2-4C71-AB42-ECAD0AA0C647}.Release|Any CPU.ActiveCfg = Release|Any CPU
		{A65BD498-E6C2-4C71-AB42-ECAD0AA0C647}.Release|Any CPU.Build.0 = Release|Any CPU
	EndGlobalSection
	GlobalSection(SolutionProperties) = preSolution
		HideSolutionNode = FALSE
	EndGlobalSection
EndGlobal
