
Microsoft Visual Studio Solution File, Format Version 12.00
# Visual Studio 2012
Project("{FAE04EC0-301F-11D3-BF4B-00C04F79EFBC}") = "1st term", "1st term\1st term.csproj", "{D692B3CE-2AD4-43D8-B5B3-F91814A537CE}"
EndProject
Global
	GlobalSection(SolutionConfigurationPlatforms) = preSolution
		Debug|Any CPU = Debug|Any CPU
		Release|Any CPU = Release|Any CPU
	EndGlobalSection
	GlobalSection(ProjectConfigurationPlatforms) = postSolution
		{D692B3CE-2AD4-43D8-B5B3-F91814A537CE}.Debug|Any CPU.ActiveCfg = Debug|Any CPU
		{D692B3CE-2AD4-43D8-B5B3-F91814A537CE}.Debug|Any CPU.Build.0 = Debug|Any CPU
		{D692B3CE-2AD4-43D8-B5B3-F91814A537CE}.Release|Any CPU.ActiveCfg = Release|Any CPU
		{D692B3CE-2AD4-43D8-B5B3-F91814A537CE}.Release|Any CPU.Build.0 = Release|Any CPU
	EndGlobalSection
	GlobalSection(SolutionProperties) = preSolution
		HideSolutionNode = FALSE
	EndGlobalSection
EndGlobal
